
Microsoft Visual Studio Solution File, Format Version 12.00
# Visual Studio 15
VisualStudioVersion = 15.0.27703.2047
MinimumVisualStudioVersion = 10.0.40219.1
Project("{FAE04EC0-301F-11D3-BF4B-00C04F79EFBC}") = "Assi.ObjectExtentions", "Assi.ObjectExtentions\Assi.ObjectExtentions.csproj", "{2DAABE3F-AB6D-47C1-A376-385536983669}"
EndProject
Global
	GlobalSection(SolutionConfigurationPlatforms) = preSolution
		Debug|Any CPU = Debug|Any CPU
		Release|Any CPU = Release|Any CPU
	EndGlobalSection
	GlobalSection(ProjectConfigurationPlatforms) = postSolution
		{2DAABE3F-AB6D-47C1-A376-385536983669}.Debug|Any CPU.ActiveCfg = Debug|Any CPU
		{2DAABE3F-AB6D-47C1-A376-385536983669}.Debug|Any CPU.Build.0 = Debug|Any CPU
		{2DAABE3F-AB6D-47C1-A376-385536983669}.Release|Any CPU.ActiveCfg = Release|Any CPU
		{2DAABE3F-AB6D-47C1-A376-385536983669}.Release|Any CPU.Build.0 = Release|Any CPU
	EndGlobalSection
	GlobalSection(SolutionProperties) = preSolution
		HideSolutionNode = FALSE
	EndGlobalSection
	GlobalSection(ExtensibilityGlobals) = postSolution
		SolutionGuid = {28B34D1A-6B46-470E-8670-A6849E939B46}
	EndGlobalSection
EndGlobal
